
Microsoft Visual Studio Solution File, Format Version 12.00
# Visual Studio Version 16
VisualStudioVersion = 16.0.29728.190
MinimumVisualStudioVersion = 10.0.40219.1
Project("{2150E333-8FDC-42A3-9474-1A3956D46DE8}") = "Domain", "Domain", "{DF0E3B49-AD84-4295-94B8-A15CCD4294D7}"
EndProject
Project("{2150E333-8FDC-42A3-9474-1A3956D46DE8}") = "Infra.Bus", "Infra.Bus", "{83612B2B-839D-4D65-9E22-3C0C9F164DBA}"
EndProject
Project("{2150E333-8FDC-42A3-9474-1A3956D46DE8}") = "Infra.IoC", "Infra.IoC", "{CE3F04AB-E221-45A4-B923-038893E8F4E5}"
EndProject
Project("{2150E333-8FDC-42A3-9474-1A3956D46DE8}") = "MicroServices", "MicroServices", "{BC256114-0E49-40C7-AB25-2DAF20D929C9}"
EndProject
Project("{9A19103F-16F7-4668-BE54-9A1E7A4F7556}") = "Microrabbit.Domain.Core", "Microrabbit.Domain.Core\Microrabbit.Domain.Core.csproj", "{DB45E04C-DC9F-4277-A7A9-4EC71D1096EF}"
EndProject
Project("{9A19103F-16F7-4668-BE54-9A1E7A4F7556}") = "MicroRabbit.Infra.Bus", "MicroRabbit.Infra.Bus\MicroRabbit.Infra.Bus.csproj", "{E1C06421-F5E7-4DB0-96C3-1B4AFEBAA055}"
EndProject
Project("{9A19103F-16F7-4668-BE54-9A1E7A4F7556}") = "MicroRabbit.Infra.IOC", "MicroRabbit.Infra.IOC\MicroRabbit.Infra.IOC.csproj", "{BCCEFA1B-6778-4457-B7DB-33598C563C42}"
EndProject
Project("{2150E333-8FDC-42A3-9474-1A3956D46DE8}") = "Banking", "Banking", "{B99F9A93-0B77-4142-8F2C-9A252D87AD78}"
EndProject
Project("{2150E333-8FDC-42A3-9474-1A3956D46DE8}") = "Api", "Api", "{8019DC3D-4DE5-4F8D-AE43-630287B3A50A}"
EndProject
Project("{2150E333-8FDC-42A3-9474-1A3956D46DE8}") = "Domain", "Domain", "{AB38A02E-BD65-4689-9741-F2499830D52F}"
EndProject
Project("{2150E333-8FDC-42A3-9474-1A3956D46DE8}") = "Application", "Application", "{57DE23A2-F36D-4A3A-BC8C-E78375BB3F8E}"
EndProject
Project("{2150E333-8FDC-42A3-9474-1A3956D46DE8}") = "Data", "Data", "{1E6EFAB0-004C-4C56-B225-922BC4386666}"
EndProject
Project("{9A19103F-16F7-4668-BE54-9A1E7A4F7556}") = "MicroRabbit.Banking.Api", "MicroRabbit.Banking.Api\MicroRabbit.Banking.Api.csproj", "{C2373517-2128-433A-B4E7-FD8A6EC653D4}"
EndProject
Project("{9A19103F-16F7-4668-BE54-9A1E7A4F7556}") = "MicroRabbit.Banking.Application", "MicroRabbit.Banking.Appliocation\MicroRabbit.Banking.Application.csproj", "{35963C82-10B8-477B-B023-B3C617EEF887}"
EndProject
Project("{9A19103F-16F7-4668-BE54-9A1E7A4F7556}") = "MicroRabbit.Banking.Data", "MicroRabbit.Banking.Data\MicroRabbit.Banking.Data.csproj", "{8FB938F6-8701-4FFA-B2C5-FC7A5EBB5E1B}"
EndProject
Project("{9A19103F-16F7-4668-BE54-9A1E7A4F7556}") = "MicroRabbit.Banking.Domain", "MicroRabbit.Banking.Domain\MicroRabbit.Banking.Domain.csproj", "{ABAC710B-4545-41E7-9E82-B8A8B173850A}"
EndProject
Project("{2150E333-8FDC-42A3-9474-1A3956D46DE8}") = "Transfer", "Transfer", "{7149D430-4C21-4E3F-BEEC-3B4F68ED2C1E}"
EndProject
Project("{2150E333-8FDC-42A3-9474-1A3956D46DE8}") = "Api", "Api", "{D4201514-52FF-4CED-90A0-3158C5B0C214}"
EndProject
Project("{2150E333-8FDC-42A3-9474-1A3956D46DE8}") = "Application", "Application", "{BF4116BD-E05A-472C-8039-7E6A42EA0165}"
EndProject
Project("{2150E333-8FDC-42A3-9474-1A3956D46DE8}") = "Data", "Data", "{31FAAFC7-9FBE-4318-9F00-99D0682B0060}"
EndProject
Project("{2150E333-8FDC-42A3-9474-1A3956D46DE8}") = "Domain", "Domain", "{CB20211A-94E5-4A92-BF1E-E94DF50E6DD8}"
EndProject
Project("{9A19103F-16F7-4668-BE54-9A1E7A4F7556}") = "Microrabbit.Transfer.Api", "Microrabbit.Transfer.Api\Microrabbit.Transfer.Api.csproj", "{F298F952-244F-41F6-9866-E611962ABE88}"
EndProject
Project("{9A19103F-16F7-4668-BE54-9A1E7A4F7556}") = "Microrabbit.Transfer.Application", "Microrabbit.Transfer.Application\Microrabbit.Transfer.Application.csproj", "{D24264D0-F085-4C78-8E9A-A1BBBF0DCAAA}"
EndProject
Project("{9A19103F-16F7-4668-BE54-9A1E7A4F7556}") = "Microrabbit.Transfer.Data", "Microrabbit.Transfer.Data\Microrabbit.Transfer.Data.csproj", "{5836AC7F-6AE7-4D1D-A790-17089D540215}"
EndProject
Project("{9A19103F-16F7-4668-BE54-9A1E7A4F7556}") = "Microrabbit.Transfer.Domain", "Microrabbit.Transfer.Domain\Microrabbit.Transfer.Domain.csproj", "{745DE53E-06E3-4AC6-A5B2-DFDA4CB3DD34}"
EndProject
Global
	GlobalSection(SolutionConfigurationPlatforms) = preSolution
		Debug|Any CPU = Debug|Any CPU
		Release|Any CPU = Release|Any CPU
	EndGlobalSection
	GlobalSection(ProjectConfigurationPlatforms) = postSolution
		{DB45E04C-DC9F-4277-A7A9-4EC71D1096EF}.Debug|Any CPU.ActiveCfg = Debug|Any CPU
		{DB45E04C-DC9F-4277-A7A9-4EC71D1096EF}.Debug|Any CPU.Build.0 = Debug|Any CPU
		{DB45E04C-DC9F-4277-A7A9-4EC71D1096EF}.Release|Any CPU.ActiveCfg = Release|Any CPU
		{DB45E04C-DC9F-4277-A7A9-4EC71D1096EF}.Release|Any CPU.Build.0 = Release|Any CPU
		{E1C06421-F5E7-4DB0-96C3-1B4AFEBAA055}.Debug|Any CPU.ActiveCfg = Debug|Any CPU
		{E1C06421-F5E7-4DB0-96C3-1B4AFEBAA055}.Debug|Any CPU.Build.0 = Debug|Any CPU
		{E1C06421-F5E7-4DB0-96C3-1B4AFEBAA055}.Release|Any CPU.ActiveCfg = Release|Any CPU
		{E1C06421-F5E7-4DB0-96C3-1B4AFEBAA055}.Release|Any CPU.Build.0 = Release|Any CPU
		{BCCEFA1B-6778-4457-B7DB-33598C563C42}.Debug|Any CPU.ActiveCfg = Debug|Any CPU
		{BCCEFA1B-6778-4457-B7DB-33598C563C42}.Debug|Any CPU.Build.0 = Debug|Any CPU
		{BCCEFA1B-6778-4457-B7DB-33598C563C42}.Release|Any CPU.ActiveCfg = Release|Any CPU
		{BCCEFA1B-6778-4457-B7DB-33598C563C42}.Release|Any CPU.Build.0 = Release|Any CPU
		{C2373517-2128-433A-B4E7-FD8A6EC653D4}.Debug|Any CPU.ActiveCfg = Debug|Any CPU
		{C2373517-2128-433A-B4E7-FD8A6EC653D4}.Debug|Any CPU.Build.0 = Debug|Any CPU
		{C2373517-2128-433A-B4E7-FD8A6EC653D4}.Release|Any CPU.ActiveCfg = Release|Any CPU
		{C2373517-2128-433A-B4E7-FD8A6EC653D4}.Release|Any CPU.Build.0 = Release|Any CPU
		{35963C82-10B8-477B-B023-B3C617EEF887}.Debug|Any CPU.ActiveCfg = Debug|Any CPU
		{35963C82-10B8-477B-B023-B3C617EEF887}.Debug|Any CPU.Build.0 = Debug|Any CPU
		{35963C82-10B8-477B-B023-B3C617EEF887}.Release|Any CPU.ActiveCfg = Release|Any CPU
		{35963C82-10B8-477B-B023-B3C617EEF887}.Release|Any CPU.Build.0 = Release|Any CPU
		{8FB938F6-8701-4FFA-B2C5-FC7A5EBB5E1B}.Debug|Any CPU.ActiveCfg = Debug|Any CPU
		{8FB938F6-8701-4FFA-B2C5-FC7A5EBB5E1B}.Debug|Any CPU.Build.0 = Debug|Any CPU
		{8FB938F6-8701-4FFA-B2C5-FC7A5EBB5E1B}.Release|Any CPU.ActiveCfg = Release|Any CPU
		{8FB938F6-8701-4FFA-B2C5-FC7A5EBB5E1B}.Release|Any CPU.Build.0 = Release|Any CPU
		{ABAC710B-4545-41E7-9E82-B8A8B173850A}.Debug|Any CPU.ActiveCfg = Debug|Any CPU
		{ABAC710B-4545-41E7-9E82-B8A8B173850A}.Debug|Any CPU.Build.0 = Debug|Any CPU
		{ABAC710B-4545-41E7-9E82-B8A8B173850A}.Release|Any CPU.ActiveCfg = Release|Any CPU
		{ABAC710B-4545-41E7-9E82-B8A8B173850A}.Release|Any CPU.Build.0 = Release|Any CPU
		{F298F952-244F-41F6-9866-E611962ABE88}.Debug|Any CPU.ActiveCfg = Debug|Any CPU
		{F298F952-244F-41F6-9866-E611962ABE88}.Debug|Any CPU.Build.0 = Debug|Any CPU
		{F298F952-244F-41F6-9866-E611962ABE88}.Release|Any CPU.ActiveCfg = Release|Any CPU
		{F298F952-244F-41F6-9866-E611962ABE88}.Release|Any CPU.Build.0 = Release|Any CPU
		{D24264D0-F085-4C78-8E9A-A1BBBF0DCAAA}.Debug|Any CPU.ActiveCfg = Debug|Any CPU
		{D24264D0-F085-4C78-8E9A-A1BBBF0DCAAA}.Debug|Any CPU.Build.0 = Debug|Any CPU
		{D24264D0-F085-4C78-8E9A-A1BBBF0DCAAA}.Release|Any CPU.ActiveCfg = Release|Any CPU
		{D24264D0-F085-4C78-8E9A-A1BBBF0DCAAA}.Release|Any CPU.Build.0 = Release|Any CPU
		{5836AC7F-6AE7-4D1D-A790-17089D540215}.Debug|Any CPU.ActiveCfg = Debug|Any CPU
		{5836AC7F-6AE7-4D1D-A790-17089D540215}.Debug|Any CPU.Build.0 = Debug|Any CPU
		{5836AC7F-6AE7-4D1D-A790-17089D540215}.Release|Any CPU.ActiveCfg = Release|Any CPU
		{5836AC7F-6AE7-4D1D-A790-17089D540215}.Release|Any CPU.Build.0 = Release|Any CPU
		{745DE53E-06E3-4AC6-A5B2-DFDA4CB3DD34}.Debug|Any CPU.ActiveCfg = Debug|Any CPU
		{745DE53E-06E3-4AC6-A5B2-DFDA4CB3DD34}.Debug|Any CPU.Build.0 = Debug|Any CPU
		{745DE53E-06E3-4AC6-A5B2-DFDA4CB3DD34}.Release|Any CPU.ActiveCfg = Release|Any CPU
		{745DE53E-06E3-4AC6-A5B2-DFDA4CB3DD34}.Release|Any CPU.Build.0 = Release|Any CPU
	EndGlobalSection
	GlobalSection(SolutionProperties) = preSolution
		HideSolutionNode = FALSE
	EndGlobalSection
	GlobalSection(NestedProjects) = preSolution
		{DB45E04C-DC9F-4277-A7A9-4EC71D1096EF} = {DF0E3B49-AD84-4295-94B8-A15CCD4294D7}
		{E1C06421-F5E7-4DB0-96C3-1B4AFEBAA055} = {83612B2B-839D-4D65-9E22-3C0C9F164DBA}
		{BCCEFA1B-6778-4457-B7DB-33598C563C42} = {CE3F04AB-E221-45A4-B923-038893E8F4E5}
		{B99F9A93-0B77-4142-8F2C-9A252D87AD78} = {BC256114-0E49-40C7-AB25-2DAF20D929C9}
		{8019DC3D-4DE5-4F8D-AE43-630287B3A50A} = {B99F9A93-0B77-4142-8F2C-9A252D87AD78}
		{AB38A02E-BD65-4689-9741-F2499830D52F} = {B99F9A93-0B77-4142-8F2C-9A252D87AD78}
		{57DE23A2-F36D-4A3A-BC8C-E78375BB3F8E} = {B99F9A93-0B77-4142-8F2C-9A252D87AD78}
		{1E6EFAB0-004C-4C56-B225-922BC4386666} = {B99F9A93-0B77-4142-8F2C-9A252D87AD78}
		{C2373517-2128-433A-B4E7-FD8A6EC653D4} = {8019DC3D-4DE5-4F8D-AE43-630287B3A50A}
		{35963C82-10B8-477B-B023-B3C617EEF887} = {57DE23A2-F36D-4A3A-BC8C-E78375BB3F8E}
		{8FB938F6-8701-4FFA-B2C5-FC7A5EBB5E1B} = {1E6EFAB0-004C-4C56-B225-922BC4386666}
		{ABAC710B-4545-41E7-9E82-B8A8B173850A} = {AB38A02E-BD65-4689-9741-F2499830D52F}
		{7149D430-4C21-4E3F-BEEC-3B4F68ED2C1E} = {BC256114-0E49-40C7-AB25-2DAF20D929C9}
		{D4201514-52FF-4CED-90A0-3158C5B0C214} = {7149D430-4C21-4E3F-BEEC-3B4F68ED2C1E}
		{BF4116BD-E05A-472C-8039-7E6A42EA0165} = {7149D430-4C21-4E3F-BEEC-3B4F68ED2C1E}
		{31FAAFC7-9FBE-4318-9F00-99D0682B0060} = {7149D430-4C21-4E3F-BEEC-3B4F68ED2C1E}
		{CB20211A-94E5-4A92-BF1E-E94DF50E6DD8} = {7149D430-4C21-4E3F-BEEC-3B4F68ED2C1E}
		{F298F952-244F-41F6-9866-E611962ABE88} = {D4201514-52FF-4CED-90A0-3158C5B0C214}
		{D24264D0-F085-4C78-8E9A-A1BBBF0DCAAA} = {BF4116BD-E05A-472C-8039-7E6A42EA0165}
		{5836AC7F-6AE7-4D1D-A790-17089D540215} = {31FAAFC7-9FBE-4318-9F00-99D0682B0060}
		{745DE53E-06E3-4AC6-A5B2-DFDA4CB3DD34} = {CB20211A-94E5-4A92-BF1E-E94DF50E6DD8}
	EndGlobalSection
	GlobalSection(ExtensibilityGlobals) = postSolution
		SolutionGuid = {B97B36D4-3035-4BDB-BEA4-0332111154EE}
	EndGlobalSection
EndGlobal
